
Microsoft Visual Studio Solution File, Format Version 12.00
# Visual Studio Version 16
VisualStudioVersion = 16.0.29123.88
MinimumVisualStudioVersion = 10.0.40219.1
Project("{FAE04EC0-301F-11D3-BF4B-00C04F79EFBC}") = "nekobasu-rpg-roguelite", "nekobasu-rpg-roguelite\nekobasu-rpg-roguelite.csproj", "{A371EFC8-319F-4C81-A97E-5CB242D65CE9}"
EndProject
Global
	GlobalSection(SolutionConfigurationPlatforms) = preSolution
		Debug|Any CPU = Debug|Any CPU
		Release|Any CPU = Release|Any CPU
	EndGlobalSection
	GlobalSection(ProjectConfigurationPlatforms) = postSolution
		{A371EFC8-319F-4C81-A97E-5CB242D65CE9}.Debug|Any CPU.ActiveCfg = Debug|Any CPU
		{A371EFC8-319F-4C81-A97E-5CB242D65CE9}.Debug|Any CPU.Build.0 = Debug|Any CPU
		{A371EFC8-319F-4C81-A97E-5CB242D65CE9}.Release|Any CPU.ActiveCfg = Release|Any CPU
		{A371EFC8-319F-4C81-A97E-5CB242D65CE9}.Release|Any CPU.Build.0 = Release|Any CPU
	EndGlobalSection
	GlobalSection(SolutionProperties) = preSolution
		HideSolutionNode = FALSE
	EndGlobalSection
	GlobalSection(ExtensibilityGlobals) = postSolution
		SolutionGuid = {5DEDF734-0C1A-4A14-B533-E9F895D7F1F0}
	EndGlobalSection
EndGlobal
